<Solution>
  <Folder Name="/src/">
    <Project Path="src/PhoneDesk.Application/PhoneDesk.Application.csproj" />
    <Project Path="src/PhoneDesk.Domain/PhoneDesk.Domain.csproj" />
    <Project Path="src/PhoneDesk.Infrastructure/PhoneDesk.Infrastructure.csproj" />
    <Project Path="src/PhoneDesk.Presentation/PhoneDesk.Presentation.csproj" />
  </Folder>
  <Project Path="phonedesk.csproj" />
  <Project Path="PhoneDesk.Tests/PhoneDesk.Tests.csproj" />
</Solution>
